
Microsoft Visual Studio Solution File, Format Version 12.00
# Visual Studio Version 17
VisualStudioVersion = 17.13.35806.99 d17.13
MinimumVisualStudioVersion = 10.0.40219.1
Project("{FAE04EC0-301F-11D3-BF4B-00C04F79EFBC}") = "TPMOD5", "TPMOD5\TPMOD5.csproj", "{46EBCC4B-A6DB-4D8A-B616-DF858281F5E7}"
EndProject
Global
	GlobalSection(SolutionConfigurationPlatforms) = preSolution
		Debug|Any CPU = Debug|Any CPU
		Release|Any CPU = Release|Any CPU
	EndGlobalSection
	GlobalSection(ProjectConfigurationPlatforms) = postSolution
		{46EBCC4B-A6DB-4D8A-B616-DF858281F5E7}.Debug|Any CPU.ActiveCfg = Debug|Any CPU
		{46EBCC4B-A6DB-4D8A-B616-DF858281F5E7}.Debug|Any CPU.Build.0 = Debug|Any CPU
		{46EBCC4B-A6DB-4D8A-B616-DF858281F5E7}.Release|Any CPU.ActiveCfg = Release|Any CPU
		{46EBCC4B-A6DB-4D8A-B616-DF858281F5E7}.Release|Any CPU.Build.0 = Release|Any CPU
	EndGlobalSection
	GlobalSection(SolutionProperties) = preSolution
		HideSolutionNode = FALSE
	EndGlobalSection
	GlobalSection(ExtensibilityGlobals) = postSolution
		SolutionGuid = {E4B7170E-9DC8-413B-ADD2-C6144C225679}
	EndGlobalSection
EndGlobal
